
Microsoft Visual Studio Solution File, Format Version 12.00
# Visual Studio 15
VisualStudioVersion = 15.0.27703.2026
MinimumVisualStudioVersion = 10.0.40219.1
Project("{8BC9CEB8-8B4A-11D0-8D11-00A0C91BC942}") = "LinuxKernel", "LinuxKernel\LinuxKernel.vcxproj", "{59176CA4-036C-4914-B8B9-F9F15B105449}"
EndProject
Global
	GlobalSection(SolutionConfigurationPlatforms) = preSolution
		Debug|x64 = Debug|x64
		Debug|x86 = Debug|x86
		Release|x64 = Release|x64
		Release|x86 = Release|x86
	EndGlobalSection
	GlobalSection(ProjectConfigurationPlatforms) = postSolution
		{59176CA4-036C-4914-B8B9-F9F15B105449}.Debug|x64.ActiveCfg = Debug|x64
		{59176CA4-036C-4914-B8B9-F9F15B105449}.Debug|x64.Build.0 = Debug|x64
		{59176CA4-036C-4914-B8B9-F9F15B105449}.Debug|x86.ActiveCfg = Debug|Win32
		{59176CA4-036C-4914-B8B9-F9F15B105449}.Debug|x86.Build.0 = Debug|Win32
		{59176CA4-036C-4914-B8B9-F9F15B105449}.Release|x64.ActiveCfg = Release|x64
		{59176CA4-036C-4914-B8B9-F9F15B105449}.Release|x64.Build.0 = Release|x64
		{59176CA4-036C-4914-B8B9-F9F15B105449}.Release|x86.ActiveCfg = Release|Win32
		{59176CA4-036C-4914-B8B9-F9F15B105449}.Release|x86.Build.0 = Release|Win32
	EndGlobalSection
	GlobalSection(SolutionProperties) = preSolution
		HideSolutionNode = FALSE
	EndGlobalSection
	GlobalSection(ExtensibilityGlobals) = postSolution
		SolutionGuid = {3508AB78-78F0-406E-A0E7-15DBAF5418B2}
	EndGlobalSection
EndGlobal
